Microsoft Visual Studio Solution File, Format Version 12.00
# Visual Studio Version 17
VisualStudioVersion = 17.5.2.0
MinimumVisualStudioVersion = 10.0.40219.1
Project("{FAE04EC0-301F-11D3-BF4B-00C04F79EFBC}") = "WSCT.ACOS6.CommandLine", "WSCT.ACOS6.CommandLine.csproj", "{2FAC0284-C097-C915-E4B8-7D21D1719D23}"
EndProject
Global
	GlobalSection(SolutionConfigurationPlatforms) = preSolution
		Debug|Any CPU = Debug|Any CPU
		Release|Any CPU = Release|Any CPU
	EndGlobalSection
	GlobalSection(ProjectConfigurationPlatforms) = postSolution
		{2FAC0284-C097-C915-E4B8-7D21D1719D23}.Debug|Any CPU.ActiveCfg = Debug|Any CPU
		{2FAC0284-C097-C915-E4B8-7D21D1719D23}.Debug|Any CPU.Build.0 = Debug|Any CPU
		{2FAC0284-C097-C915-E4B8-7D21D1719D23}.Release|Any CPU.ActiveCfg = Release|Any CPU
		{2FAC0284-C097-C915-E4B8-7D21D1719D23}.Release|Any CPU.Build.0 = Release|Any CPU
	EndGlobalSection
	GlobalSection(SolutionProperties) = preSolution
		HideSolutionNode = FALSE
	EndGlobalSection
	GlobalSection(ExtensibilityGlobals) = postSolution
		SolutionGuid = {97AF6817-956A-4BFF-A600-39982AE6C99C}
	EndGlobalSection
EndGlobal
